
Microsoft Visual Studio Solution File, Format Version 12.00
# Visual Studio 2013
VisualStudioVersion = 12.0.31101.0
MinimumVisualStudioVersion = 10.0.40219.1
Project("{FAE04EC0-301F-11D3-BF4B-00C04F79EFBC}") = "MasterDevs.ChromeDevTools.Sample", "MasterDevs.ChromeDevTools.Sample\MasterDevs.ChromeDevTools.Sample.csproj", "{36138327-0A72-44E3-B9DB-C4E6155AAFD5}"
EndProject
Project("{FAE04EC0-301F-11D3-BF4B-00C04F79EFBC}") = "MasterDevs.ChromeDevTools", "MasterDevs.ChromeDevTools\MasterDevs.ChromeDevTools.csproj", "{C2508EE5-AAB2-4275-88C9-7DA9D1961336}"
EndProject
Project("{FAE04EC0-301F-11D3-BF4B-00C04F79EFBC}") = "MasterDevs.ChromeDevTools.ProtocolGenerator", "MasterDevs.ChromeDevTools.ProtocolGenerator\MasterDevs.ChromeDevTools.ProtocolGenerator.csproj", "{97C7FCF5-1964-4878-B7CD-63448CA403B1}"
EndProject
Project("{2150E333-8FDC-42A3-9474-1A3956D46DE8}") = ".nuget", ".nuget", "{0D43D20B-6D51-4CBC-BD30-F17B8CA65678}"
	ProjectSection(SolutionItems) = preProject
		.nuget\NuGet.Config = .nuget\NuGet.Config
		.nuget\NuGet.exe = .nuget\NuGet.exe
		.nuget\NuGet.targets = .nuget\NuGet.targets
	EndProjectSection
EndProject
Project("{2150E333-8FDC-42A3-9474-1A3956D46DE8}") = "SolutionFiles", "SolutionFiles", "{9E670137-8739-4C9C-8693-797A230F38EB}"
	ProjectSection(SolutionItems) = preProject
		.travis.yml = .travis.yml
	EndProjectSection
EndProject
Global
	GlobalSection(SolutionConfigurationPlatforms) = preSolution
		Debug|Any CPU = Debug|Any CPU
		Release|Any CPU = Release|Any CPU
	EndGlobalSection
	GlobalSection(ProjectConfigurationPlatforms) = postSolution
		{36138327-0A72-44E3-B9DB-C4E6155AAFD5}.Debug|Any CPU.ActiveCfg = Debug|Any CPU
		{36138327-0A72-44E3-B9DB-C4E6155AAFD5}.Debug|Any CPU.Build.0 = Debug|Any CPU
		{36138327-0A72-44E3-B9DB-C4E6155AAFD5}.Release|Any CPU.ActiveCfg = Release|Any CPU
		{36138327-0A72-44E3-B9DB-C4E6155AAFD5}.Release|Any CPU.Build.0 = Release|Any CPU
		{C2508EE5-AAB2-4275-88C9-7DA9D1961336}.Debug|Any CPU.ActiveCfg = Debug|Any CPU
		{C2508EE5-AAB2-4275-88C9-7DA9D1961336}.Debug|Any CPU.Build.0 = Debug|Any CPU
		{C2508EE5-AAB2-4275-88C9-7DA9D1961336}.Release|Any CPU.ActiveCfg = Release|Any CPU
		{C2508EE5-AAB2-4275-88C9-7DA9D1961336}.Release|Any CPU.Build.0 = Release|Any CPU
		{97C7FCF5-1964-4878-B7CD-63448CA403B1}.Debug|Any CPU.ActiveCfg = Debug|Any CPU
		{97C7FCF5-1964-4878-B7CD-63448CA403B1}.Debug|Any CPU.Build.0 = Debug|Any CPU
		{97C7FCF5-1964-4878-B7CD-63448CA403B1}.Release|Any CPU.ActiveCfg = Release|Any CPU
		{97C7FCF5-1964-4878-B7CD-63448CA403B1}.Release|Any CPU.Build.0 = Release|Any CPU
	EndGlobalSection
	GlobalSection(SolutionProperties) = preSolution
		HideSolutionNode = FALSE
	EndGlobalSection
EndGlobal
